
Microsoft Visual Studio Solution File, Format Version 12.00
# Visual Studio 15
VisualStudioVersion = 15.0.27130.2020
MinimumVisualStudioVersion = 10.0.40219.1
Project("{FAE04EC0-301F-11D3-BF4B-00C04F79EFBC}") = "InstitutoDeIdiomas", "InstitutoDeIdiomas\InstitutoDeIdiomas.csproj", "{483C7B54-236F-4ED2-8A72-78BFFE8ACC9D}"
EndProject
Project("{54435603-DBB4-11D2-8724-00A0C9A8B90C}") = "InstaladorSidi", "InstaladorSidi\InstaladorSidi.vdproj", "{26A13ABB-23E5-451F-94C4-65F6CA8871F0}"
EndProject
Project("{FAE04EC0-301F-11D3-BF4B-00C04F79EFBC}") = "SmartphonesSite", "C:\Users\Alonso\Documents\Visual Studio 2017\Projects\Smartphone\SmartphonesSite\SmartphonesSite.csproj", "{35BCD9FF-2487-4E6A-9839-5F80BEE7CF7B}"
EndProject
Project("{FAE04EC0-301F-11D3-BF4B-00C04F79EFBC}") = "Smartphones.BL", "C:\Users\Alonso\Documents\Visual Studio 2017\Projects\Smartphone\Smartphones.BL\Smartphones.BL.csproj", "{8E1D23FF-B33D-48FB-8EE6-7F1FA516E52E}"
EndProject
Project("{FAE04EC0-301F-11D3-BF4B-00C04F79EFBC}") = "Smartphones.Entities", "C:\Users\Alonso\Documents\Visual Studio 2017\Projects\Smartphone\Smartphones.Entities\Smartphones.Entities.csproj", "{CFD2B1C9-CBC8-4C0A-8F20-A554D166A161}"
EndProject
Project("{FAE04EC0-301F-11D3-BF4B-00C04F79EFBC}") = "Smartphones.DAC", "C:\Users\Alonso\Documents\Visual Studio 2017\Projects\Smartphone\Smartphones.DAC\Smartphones.DAC.csproj", "{2A805B97-B3CC-4DD6-872F-A8D8386ADFE2}"
EndProject
Global
	GlobalSection(SolutionConfigurationPlatforms) = preSolution
		Debug|Any CPU = Debug|Any CPU
		Release|Any CPU = Release|Any CPU
	EndGlobalSection
	GlobalSection(ProjectConfigurationPlatforms) = postSolution
		{483C7B54-236F-4ED2-8A72-78BFFE8ACC9D}.Debug|Any CPU.ActiveCfg = Debug|Any CPU
		{483C7B54-236F-4ED2-8A72-78BFFE8ACC9D}.Debug|Any CPU.Build.0 = Debug|Any CPU
		{483C7B54-236F-4ED2-8A72-78BFFE8ACC9D}.Release|Any CPU.ActiveCfg = Release|Any CPU
		{483C7B54-236F-4ED2-8A72-78BFFE8ACC9D}.Release|Any CPU.Build.0 = Release|Any CPU
		{26A13ABB-23E5-451F-94C4-65F6CA8871F0}.Debug|Any CPU.ActiveCfg = Debug
		{26A13ABB-23E5-451F-94C4-65F6CA8871F0}.Debug|Any CPU.Build.0 = Debug
		{26A13ABB-23E5-451F-94C4-65F6CA8871F0}.Release|Any CPU.ActiveCfg = Release
		{26A13ABB-23E5-451F-94C4-65F6CA8871F0}.Release|Any CPU.Build.0 = Release
		{35BCD9FF-2487-4E6A-9839-5F80BEE7CF7B}.Debug|Any CPU.ActiveCfg = Debug|Any CPU
		{35BCD9FF-2487-4E6A-9839-5F80BEE7CF7B}.Release|Any CPU.ActiveCfg = Release|Any CPU
		{35BCD9FF-2487-4E6A-9839-5F80BEE7CF7B}.Release|Any CPU.Build.0 = Release|Any CPU
		{8E1D23FF-B33D-48FB-8EE6-7F1FA516E52E}.Debug|Any CPU.ActiveCfg = Debug|Any CPU
		{8E1D23FF-B33D-48FB-8EE6-7F1FA516E52E}.Release|Any CPU.ActiveCfg = Release|Any CPU
		{8E1D23FF-B33D-48FB-8EE6-7F1FA516E52E}.Release|Any CPU.Build.0 = Release|Any CPU
		{CFD2B1C9-CBC8-4C0A-8F20-A554D166A161}.Debug|Any CPU.ActiveCfg = Debug|Any CPU
		{CFD2B1C9-CBC8-4C0A-8F20-A554D166A161}.Release|Any CPU.ActiveCfg = Release|Any CPU
		{CFD2B1C9-CBC8-4C0A-8F20-A554D166A161}.Release|Any CPU.Build.0 = Release|Any CPU
		{2A805B97-B3CC-4DD6-872F-A8D8386ADFE2}.Debug|Any CPU.ActiveCfg = Debug|Any CPU
		{2A805B97-B3CC-4DD6-872F-A8D8386ADFE2}.Release|Any CPU.ActiveCfg = Release|Any CPU
		{2A805B97-B3CC-4DD6-872F-A8D8386ADFE2}.Release|Any CPU.Build.0 = Release|Any CPU
	EndGlobalSection
	GlobalSection(SolutionProperties) = preSolution
		HideSolutionNode = FALSE
	EndGlobalSection
	GlobalSection(ExtensibilityGlobals) = postSolution
		SolutionGuid = {01EACFD3-75A5-4C62-B984-568613F093FF}
	EndGlobalSection
EndGlobal
